
Microsoft Visual Studio Solution File, Format Version 12.00
# Visual Studio Version 17
VisualStudioVersion = 17.9.34714.143
MinimumVisualStudioVersion = 10.0.40219.1
Project("{FAE04EC0-301F-11D3-BF4B-00C04F79EFBC}") = "LoginPuri", "LoginPuri\LoginPuri.csproj", "{6E3C0756-ED25-4975-AEFB-88B9BA69F337}"
EndProject
Global
	GlobalSection(SolutionConfigurationPlatforms) = preSolution
		Debug|Any CPU = Debug|Any CPU
		Release|Any CPU = Release|Any CPU
	EndGlobalSection
	GlobalSection(ProjectConfigurationPlatforms) = postSolution
		{6E3C0756-ED25-4975-AEFB-88B9BA69F337}.Debug|Any CPU.ActiveCfg = Debug|Any CPU
		{6E3C0756-ED25-4975-AEFB-88B9BA69F337}.Debug|Any CPU.Build.0 = Debug|Any CPU
		{6E3C0756-ED25-4975-AEFB-88B9BA69F337}.Release|Any CPU.ActiveCfg = Release|Any CPU
		{6E3C0756-ED25-4975-AEFB-88B9BA69F337}.Release|Any CPU.Build.0 = Release|Any CPU
	EndGlobalSection
	GlobalSection(SolutionProperties) = preSolution
		HideSolutionNode = FALSE
	EndGlobalSection
	GlobalSection(ExtensibilityGlobals) = postSolution
		SolutionGuid = {3F5D1CB3-56DF-4EC7-91D8-65C56FE288B7}
	EndGlobalSection
EndGlobal
